
Microsoft Visual Studio Solution File, Format Version 12.00
# Visual Studio Version 16
VisualStudioVersion = 16.0.31005.135
MinimumVisualStudioVersion = 10.0.40219.1
Project("{FAE04EC0-301F-11D3-BF4B-00C04F79EFBC}") = "FDevsQuiz", "FDevsQuiz\FDevsQuiz.csproj", "{511052A4-1688-48FE-9467-542552F1BE6D}"
EndProject
Global
	GlobalSection(SolutionConfigurationPlatforms) = preSolution
		Debug|Any CPU = Debug|Any CPU
		Release|Any CPU = Release|Any CPU
	EndGlobalSection
	GlobalSection(ProjectConfigurationPlatforms) = postSolution
		{511052A4-1688-48FE-9467-542552F1BE6D}.Debug|Any CPU.ActiveCfg = Debug|Any CPU
		{511052A4-1688-48FE-9467-542552F1BE6D}.Debug|Any CPU.Build.0 = Debug|Any CPU
		{511052A4-1688-48FE-9467-542552F1BE6D}.Release|Any CPU.ActiveCfg = Release|Any CPU
		{511052A4-1688-48FE-9467-542552F1BE6D}.Release|Any CPU.Build.0 = Release|Any CPU
	EndGlobalSection
	GlobalSection(SolutionProperties) = preSolution
		HideSolutionNode = FALSE
	EndGlobalSection
	GlobalSection(ExtensibilityGlobals) = postSolution
		SolutionGuid = {C9ABF81E-FD1E-46C4-948B-CB397E1EEF8A}
	EndGlobalSection
EndGlobal
