
Microsoft Visual Studio Solution File, Format Version 12.00
# Visual Studio Version 16
VisualStudioVersion = 16.0.30413.136
MinimumVisualStudioVersion = 10.0.40219.1
Project("{FAE04EC0-301F-11D3-BF4B-00C04F79EFBC}") = "FDevsQuiz", "FDevsQuiz\FDevsQuiz.csproj", "{8AB238E8-6A46-4750-8207-A06BA8448A05}"
EndProject
Global
	GlobalSection(SolutionConfigurationPlatforms) = preSolution
		Debug|Any CPU = Debug|Any CPU
		Release|Any CPU = Release|Any CPU
	EndGlobalSection
	GlobalSection(ProjectConfigurationPlatforms) = postSolution
		{8AB238E8-6A46-4750-8207-A06BA8448A05}.Debug|Any CPU.ActiveCfg = Debug|Any CPU
		{8AB238E8-6A46-4750-8207-A06BA8448A05}.Debug|Any CPU.Build.0 = Debug|Any CPU
		{8AB238E8-6A46-4750-8207-A06BA8448A05}.Release|Any CPU.ActiveCfg = Release|Any CPU
		{8AB238E8-6A46-4750-8207-A06BA8448A05}.Release|Any CPU.Build.0 = Release|Any CPU
	EndGlobalSection
	GlobalSection(SolutionProperties) = preSolution
		HideSolutionNode = FALSE
	EndGlobalSection
	GlobalSection(ExtensibilityGlobals) = postSolution
		SolutionGuid = {DEE5D506-EE2F-4AD5-A564-5137F64F0E9D}
	EndGlobalSection
EndGlobal
